
Microsoft Visual Studio Solution File, Format Version 12.00
# Visual Studio Version 16
VisualStudioVersion = 16.0.31624.102
MinimumVisualStudioVersion = 10.0.40219.1
Project("{FAE04EC0-301F-11D3-BF4B-00C04F79EFBC}") = "Opgave 1 C og Unit tests", "Opgave 1 C og Unit tests\Opgave 1 C og Unit tests.csproj", "{84EADA6A-639C-482B-BE45-243E6C1AD18E}"
EndProject
Project("{FAE04EC0-301F-11D3-BF4B-00C04F79EFBC}") = "FootballPlayerTest", "FootballPlayerTest\FootballPlayerTest.csproj", "{04E4E35A-B535-4C51-BE49-42428DAB9DE8}"
EndProject
Global
	GlobalSection(SolutionConfigurationPlatforms) = preSolution
		Debug|Any CPU = Debug|Any CPU
		Release|Any CPU = Release|Any CPU
	EndGlobalSection
	GlobalSection(ProjectConfigurationPlatforms) = postSolution
		{84EADA6A-639C-482B-BE45-243E6C1AD18E}.Debug|Any CPU.ActiveCfg = Debug|Any CPU
		{84EADA6A-639C-482B-BE45-243E6C1AD18E}.Debug|Any CPU.Build.0 = Debug|Any CPU
		{84EADA6A-639C-482B-BE45-243E6C1AD18E}.Release|Any CPU.ActiveCfg = Release|Any CPU
		{84EADA6A-639C-482B-BE45-243E6C1AD18E}.Release|Any CPU.Build.0 = Release|Any CPU
		{04E4E35A-B535-4C51-BE49-42428DAB9DE8}.Debug|Any CPU.ActiveCfg = Debug|Any CPU
		{04E4E35A-B535-4C51-BE49-42428DAB9DE8}.Debug|Any CPU.Build.0 = Debug|Any CPU
		{04E4E35A-B535-4C51-BE49-42428DAB9DE8}.Release|Any CPU.ActiveCfg = Release|Any CPU
		{04E4E35A-B535-4C51-BE49-42428DAB9DE8}.Release|Any CPU.Build.0 = Release|Any CPU
	EndGlobalSection
	GlobalSection(SolutionProperties) = preSolution
		HideSolutionNode = FALSE
	EndGlobalSection
	GlobalSection(ExtensibilityGlobals) = postSolution
		SolutionGuid = {8E317106-B66B-48E3-A46D-D0B73E029697}
	EndGlobalSection
EndGlobal
